<?xml version="1.0" encoding="utf-8"?>
<Project ToolsVersion="4.0" xmlns="http://schemas.microsoft.com/developer/msbuild/2003">
  <ItemGroup>
    <ClCompile Include="squareWaveTest.cpp" />
    <ClCompile Include="AllTests.cpp" />
    <ClCompile Include="..\..\deviceWithServer\squareWave.cpp" />
    <ClCompile Include="..\..\deviceWithServer\plant.cpp" />
    <ClCompile Include="plantTest.cpp" />
    <ClCompile Include="controllerTest.cpp" />
    <ClCompile Include="..\..\deviceWithServer\controller.cpp" />
    <ClCompile Include="deviceWithServerTest.cpp" />
    <ClCompile Include="..\..\deviceWithServer\app.cpp" />
    <ClCompile Include="..\..\deviceWithServer\it.c" />
    <ClCompile Include="..\..\deviceWithServer\itCommand.c" />
    <ClCompile Include="itCommandTest.cpp" />
    <ClCompile Include="..\..\deviceWithServer\deviceWithServer.ino" />
    <ClCompile Include="itTest.cpp" />
    <ClCompile Include="appTest.cpp" />
  </ItemGroup>
</Project>